
Microsoft Visual Studio Solution File, Format Version 12.00
# Visual Studio 14
VisualStudioVersion = 14.0.25420.1
MinimumVisualStudioVersion = 10.0.40219.1
Project("{FAE04EC0-301F-11D3-BF4B-00C04F79EFBC}") = "Open_Kerk", "Open Kerk\Open_Kerk\Open_Kerk.csproj", "{D320141E-E31D-4B66-BB86-C65512B9D8CF}"
EndProject
Project("{FAE04EC0-301F-11D3-BF4B-00C04F79EFBC}") = "Open_Kerk.Droid", "Open Kerk\Open_Kerk.Droid\Open_Kerk.Droid.csproj", "{6C72B4FF-D395-4951-AC42-D3E63CCD88B4}"
EndProject
Project("{FAE04EC0-301F-11D3-BF4B-00C04F79EFBC}") = "Open_Kerk.iOS", "Open Kerk\Open_Kerk.iOS\Open_Kerk.iOS.csproj", "{9A212729-B04A-49F2-8E5B-988395337CEF}"
EndProject
Project("{FAE04EC0-301F-11D3-BF4B-00C04F79EFBC}") = "Open_Kerk.WinPhone", "Open Kerk\Open_Kerk.WinPhone\Open_Kerk.WinPhone.csproj", "{E825371D-635F-4639-AB66-FA38102BE259}"
EndProject
Project("{FAE04EC0-301F-11D3-BF4B-00C04F79EFBC}") = "Open_Kerk.UWP", "Open Kerk\Open_Kerk.UWP\Open_Kerk.UWP.csproj", "{B0712D9B-E016-4144-9B46-F1EBD41D451D}"
EndProject
Project("{FAE04EC0-301F-11D3-BF4B-00C04F79EFBC}") = "Open_Kerk.Windows", "Open Kerk\Open_Kerk.Windows\Open_Kerk.Windows.csproj", "{DEC49014-D353-428E-A40F-3EE1623CA492}"
EndProject
Global
	GlobalSection(SolutionConfigurationPlatforms) = preSolution
		Ad-Hoc|Any CPU = Ad-Hoc|Any CPU
		Ad-Hoc|ARM = Ad-Hoc|ARM
		Ad-Hoc|iPhone = Ad-Hoc|iPhone
		Ad-Hoc|iPhoneSimulator = Ad-Hoc|iPhoneSimulator
		Ad-Hoc|x64 = Ad-Hoc|x64
		Ad-Hoc|x86 = Ad-Hoc|x86
		AppStore|Any CPU = AppStore|Any CPU
		AppStore|ARM = AppStore|ARM
		AppStore|iPhone = AppStore|iPhone
		AppStore|iPhoneSimulator = AppStore|iPhoneSimulator
		AppStore|x64 = AppStore|x64
		AppStore|x86 = AppStore|x86
		Debug|Any CPU = Debug|Any CPU
		Debug|ARM = Debug|ARM
		Debug|iPhone = Debug|iPhone
		Debug|iPhoneSimulator = Debug|iPhoneSimulator
		Debug|x64 = Debug|x64
		Debug|x86 = Debug|x86
		Release|Any CPU = Release|Any CPU
		Release|ARM = Release|ARM
		Release|iPhone = Release|iPhone
		Release|iPhoneSimulator = Release|iPhoneSimulator
		Release|x64 = Release|x64
		Release|x86 = Release|x86
	EndGlobalSection
	GlobalSection(ProjectConfigurationPlatforms) = postSolution
		{D320141E-E31D-4B66-BB86-C65512B9D8CF}.Ad-Hoc|Any CPU.ActiveCfg = Release|Any CPU
		{D320141E-E31D-4B66-BB86-C65512B9D8CF}.Ad-Hoc|Any CPU.Build.0 = Release|Any CPU
		{D320141E-E31D-4B66-BB86-C65512B9D8CF}.Ad-Hoc|ARM.ActiveCfg = Release|Any CPU
		{D320141E-E31D-4B66-BB86-C65512B9D8CF}.Ad-Hoc|ARM.Build.0 = Release|Any CPU
		{D320141E-E31D-4B66-BB86-C65512B9D8CF}.Ad-Hoc|iPhone.ActiveCfg = Release|Any CPU
		{D320141E-E31D-4B66-BB86-C65512B9D8CF}.Ad-Hoc|iPhone.Build.0 = Release|Any CPU
		{D320141E-E31D-4B66-BB86-C65512B9D8CF}.Ad-Hoc|iPhoneSimulator.ActiveCfg = Release|Any CPU
		{D320141E-E31D-4B66-BB86-C65512B9D8CF}.Ad-Hoc|iPhoneSimulator.Build.0 = Release|Any CPU
		{D320141E-E31D-4B66-BB86-C65512B9D8CF}.Ad-Hoc|x64.ActiveCfg = Release|Any CPU
		{D320141E-E31D-4B66-BB86-C65512B9D8CF}.Ad-Hoc|x64.Build.0 = Release|Any CPU
		{D320141E-E31D-4B66-BB86-C65512B9D8CF}.Ad-Hoc|x86.ActiveCfg = Release|Any CPU
		{D320141E-E31D-4B66-BB86-C65512B9D8CF}.Ad-Hoc|x86.Build.0 = Release|Any CPU
		{D320141E-E31D-4B66-BB86-C65512B9D8CF}.AppStore|Any CPU.ActiveCfg = Release|Any CPU
		{D320141E-E31D-4B66-BB86-C65512B9D8CF}.AppStore|Any CPU.Build.0 = Release|Any CPU
		{D320141E-E31D-4B66-BB86-C65512B9D8CF}.AppStore|ARM.ActiveCfg = Release|Any CPU
		{D320141E-E31D-4B66-BB86-C65512B9D8CF}.AppStore|ARM.Build.0 = Release|Any CPU
		{D320141E-E31D-4B66-BB86-C65512B9D8CF}.AppStore|iPhone.ActiveCfg = Release|Any CPU
		{D320141E-E31D-4B66-BB86-C65512B9D8CF}.AppStore|iPhone.Build.0 = Release|Any CPU
		{D320141E-E31D-4B66-BB86-C65512B9D8CF}.AppStore|iPhoneSimulator.ActiveCfg = Release|Any CPU
		{D320141E-E31D-4B66-BB86-C65512B9D8CF}.AppStore|iPhoneSimulator.Build.0 = Release|Any CPU
		{D320141E-E31D-4B66-BB86-C65512B9D8CF}.AppStore|x64.ActiveCfg = Release|Any CPU
		{D320141E-E31D-4B66-BB86-C65512B9D8CF}.AppStore|x64.Build.0 = Release|Any CPU
		{D320141E-E31D-4B66-BB86-C65512B9D8CF}.AppStore|x86.ActiveCfg = Release|Any CPU
		{D320141E-E31D-4B66-BB86-C65512B9D8CF}.AppStore|x86.Build.0 = Release|Any CPU
		{D320141E-E31D-4B66-BB86-C65512B9D8CF}.Debug|Any CPU.ActiveCfg = Debug|Any CPU
		{D320141E-E31D-4B66-BB86-C65512B9D8CF}.Debug|Any CPU.Build.0 = Debug|Any CPU
		{D320141E-E31D-4B66-BB86-C65512B9D8CF}.Debug|ARM.ActiveCfg = Debug|Any CPU
		{D320141E-E31D-4B66-BB86-C65512B9D8CF}.Debug|ARM.Build.0 = Debug|Any CPU
		{D320141E-E31D-4B66-BB86-C65512B9D8CF}.Debug|iPhone.ActiveCfg = Debug|Any CPU
		{D320141E-E31D-4B66-BB86-C65512B9D8CF}.Debug|iPhone.Build.0 = Debug|Any CPU
		{D320141E-E31D-4B66-BB86-C65512B9D8CF}.Debug|iPhoneSimulator.ActiveCfg = Debug|Any CPU
		{D320141E-E31D-4B66-BB86-C65512B9D8CF}.Debug|iPhoneSimulator.Build.0 = Debug|Any CPU
		{D320141E-E31D-4B66-BB86-C65512B9D8CF}.Debug|x64.ActiveCfg = Debug|Any CPU
		{D320141E-E31D-4B66-BB86-C65512B9D8CF}.Debug|x64.Build.0 = Debug|Any CPU
		{D320141E-E31D-4B66-BB86-C65512B9D8CF}.Debug|x86.ActiveCfg = Debug|Any CPU
		{D320141E-E31D-4B66-BB86-C65512B9D8CF}.Debug|x86.Build.0 = Debug|Any CPU
		{D320141E-E31D-4B66-BB86-C65512B9D8CF}.Release|Any CPU.ActiveCfg = Release|Any CPU
		{D320141E-E31D-4B66-BB86-C65512B9D8CF}.Release|Any CPU.Build.0 = Release|Any CPU
		{D320141E-E31D-4B66-BB86-C65512B9D8CF}.Release|ARM.ActiveCfg = Release|Any CPU
		{D320141E-E31D-4B66-BB86-C65512B9D8CF}.Release|ARM.Build.0 = Release|Any CPU
		{D320141E-E31D-4B66-BB86-C65512B9D8CF}.Release|iPhone.ActiveCfg = Release|Any CPU
		{D320141E-E31D-4B66-BB86-C65512B9D8CF}.Release|iPhone.Build.0 = Release|Any CPU
		{D320141E-E31D-4B66-BB86-C65512B9D8CF}.Release|iPhoneSimulator.ActiveCfg = Release|Any CPU
		{D320141E-E31D-4B66-BB86-C65512B9D8CF}.Release|iPhoneSimulator.Build.0 = Release|Any CPU
		{D320141E-E31D-4B66-BB86-C65512B9D8CF}.Release|x64.ActiveCfg = Release|Any CPU
		{D320141E-E31D-4B66-BB86-C65512B9D8CF}.Release|x64.Build.0 = Release|Any CPU
		{D320141E-E31D-4B66-BB86-C65512B9D8CF}.Release|x86.ActiveCfg = Release|Any CPU
		{D320141E-E31D-4B66-BB86-C65512B9D8CF}.Release|x86.Build.0 = Release|Any CPU
		{6C72B4FF-D395-4951-AC42-D3E63CCD88B4}.Ad-Hoc|Any CPU.ActiveCfg = Release|Any CPU
		{6C72B4FF-D395-4951-AC42-D3E63CCD88B4}.Ad-Hoc|Any CPU.Build.0 = Release|Any CPU
		{6C72B4FF-D395-4951-AC42-D3E63CCD88B4}.Ad-Hoc|Any CPU.Deploy.0 = Release|Any CPU
		{6C72B4FF-D395-4951-AC42-D3E63CCD88B4}.Ad-Hoc|ARM.ActiveCfg = Release|Any CPU
		{6C72B4FF-D395-4951-AC42-D3E63CCD88B4}.Ad-Hoc|ARM.Build.0 = Release|Any CPU
		{6C72B4FF-D395-4951-AC42-D3E63CCD88B4}.Ad-Hoc|ARM.Deploy.0 = Release|Any CPU
		{6C72B4FF-D395-4951-AC42-D3E63CCD88B4}.Ad-Hoc|iPhone.ActiveCfg = Release|Any CPU
		{6C72B4FF-D395-4951-AC42-D3E63CCD88B4}.Ad-Hoc|iPhone.Build.0 = Release|Any CPU
		{6C72B4FF-D395-4951-AC42-D3E63CCD88B4}.Ad-Hoc|iPhone.Deploy.0 = Release|Any CPU
		{6C72B4FF-D395-4951-AC42-D3E63CCD88B4}.Ad-Hoc|iPhoneSimulator.ActiveCfg = Release|Any CPU
		{6C72B4FF-D395-4951-AC42-D3E63CCD88B4}.Ad-Hoc|iPhoneSimulator.Build.0 = Release|Any CPU
		{6C72B4FF-D395-4951-AC42-D3E63CCD88B4}.Ad-Hoc|iPhoneSimulator.Deploy.0 = Release|Any CPU
		{6C72B4FF-D395-4951-AC42-D3E63CCD88B4}.Ad-Hoc|x64.ActiveCfg = Release|Any CPU
		{6C72B4FF-D395-4951-AC42-D3E63CCD88B4}.Ad-Hoc|x64.Build.0 = Release|Any CPU
		{6C72B4FF-D395-4951-AC42-D3E63CCD88B4}.Ad-Hoc|x64.Deploy.0 = Release|Any CPU
		{6C72B4FF-D395-4951-AC42-D3E63CCD88B4}.Ad-Hoc|x86.ActiveCfg = Release|Any CPU
		{6C72B4FF-D395-4951-AC42-D3E63CCD88B4}.Ad-Hoc|x86.Build.0 = Release|Any CPU
		{6C72B4FF-D395-4951-AC42-D3E63CCD88B4}.Ad-Hoc|x86.Deploy.0 = Release|Any CPU
		{6C72B4FF-D395-4951-AC42-D3E63CCD88B4}.AppStore|Any CPU.ActiveCfg = Release|Any CPU
		{6C72B4FF-D395-4951-AC42-D3E63CCD88B4}.AppStore|Any CPU.Build.0 = Release|Any CPU
		{6C72B4FF-D395-4951-AC42-D3E63CCD88B4}.AppStore|Any CPU.Deploy.0 = Release|Any CPU
		{6C72B4FF-D395-4951-AC42-D3E63CCD88B4}.AppStore|ARM.ActiveCfg = Release|Any CPU
		{6C72B4FF-D395-4951-AC42-D3E63CCD88B4}.AppStore|ARM.Build.0 = Release|Any CPU
		{6C72B4FF-D395-4951-AC42-D3E63CCD88B4}.AppStore|ARM.Deploy.0 = Release|Any CPU
		{6C72B4FF-D395-4951-AC42-D3E63CCD88B4}.AppStore|iPhone.ActiveCfg = Release|Any CPU
		{6C72B4FF-D395-4951-AC42-D3E63CCD88B4}.AppStore|iPhone.Build.0 = Release|Any CPU
		{6C72B4FF-D395-4951-AC42-D3E63CCD88B4}.AppStore|iPhone.Deploy.0 = Release|Any CPU
		{6C72B4FF-D395-4951-AC42-D3E63CCD88B4}.AppStore|iPhoneSimulator.ActiveCfg = Release|Any CPU
		{6C72B4FF-D395-4951-AC42-D3E63CCD88B4}.AppStore|iPhoneSimulator.Build.0 = Release|Any CPU
		{6C72B4FF-D395-4951-AC42-D3E63CCD88B4}.AppStore|iPhoneSimulator.Deploy.0 = Release|Any CPU
		{6C72B4FF-D395-4951-AC42-D3E63CCD88B4}.AppStore|x64.ActiveCfg = Release|Any CPU
		{6C72B4FF-D395-4951-AC42-D3E63CCD88B4}.AppStore|x64.Build.0 = Release|Any CPU
		{6C72B4FF-D395-4951-AC42-D3E63CCD88B4}.AppStore|x64.Deploy.0 = Release|Any CPU
		{6C72B4FF-D395-4951-AC42-D3E63CCD88B4}.AppStore|x86.ActiveCfg = Release|Any CPU
		{6C72B4FF-D395-4951-AC42-D3E63CCD88B4}.AppStore|x86.Build.0 = Release|Any CPU
		{6C72B4FF-D395-4951-AC42-D3E63CCD88B4}.AppStore|x86.Deploy.0 = Release|Any CPU
		{6C72B4FF-D395-4951-AC42-D3E63CCD88B4}.Debug|Any CPU.ActiveCfg = Debug|Any CPU
		{6C72B4FF-D395-4951-AC42-D3E63CCD88B4}.Debug|Any CPU.Build.0 = Debug|Any CPU
		{6C72B4FF-D395-4951-AC42-D3E63CCD88B4}.Debug|Any CPU.Deploy.0 = Debug|Any CPU
		{6C72B4FF-D395-4951-AC42-D3E63CCD88B4}.Debug|ARM.ActiveCfg = Debug|Any CPU
		{6C72B4FF-D395-4951-AC42-D3E63CCD88B4}.Debug|ARM.Build.0 = Debug|Any CPU
		{6C72B4FF-D395-4951-AC42-D3E63CCD88B4}.Debug|ARM.Deploy.0 = Debug|Any CPU
		{6C72B4FF-D395-4951-AC42-D3E63CCD88B4}.Debug|iPhone.ActiveCfg = Debug|Any CPU
		{6C72B4FF-D395-4951-AC42-D3E63CCD88B4}.Debug|iPhone.Build.0 = Debug|Any CPU
		{6C72B4FF-D395-4951-AC42-D3E63CCD88B4}.Debug|iPhone.Deploy.0 = Debug|Any CPU
		{6C72B4FF-D395-4951-AC42-D3E63CCD88B4}.Debug|iPhoneSimulator.ActiveCfg = Debug|Any CPU
		{6C72B4FF-D395-4951-AC42-D3E63CCD88B4}.Debug|iPhoneSimulator.Build.0 = Debug|Any CPU
		{6C72B4FF-D395-4951-AC42-D3E63CCD88B4}.Debug|iPhoneSimulator.Deploy.0 = Debug|Any CPU
		{6C72B4FF-D395-4951-AC42-D3E63CCD88B4}.Debug|x64.ActiveCfg = Debug|Any CPU
		{6C72B4FF-D395-4951-AC42-D3E63CCD88B4}.Debug|x64.Build.0 = Debug|Any CPU
		{6C72B4FF-D395-4951-AC42-D3E63CCD88B4}.Debug|x64.Deploy.0 = Debug|Any CPU
		{6C72B4FF-D395-4951-AC42-D3E63CCD88B4}.Debug|x86.ActiveCfg = Debug|Any CPU
		{6C72B4FF-D395-4951-AC42-D3E63CCD88B4}.Debug|x86.Build.0 = Debug|Any CPU
		{6C72B4FF-D395-4951-AC42-D3E63CCD88B4}.Debug|x86.Deploy.0 = Debug|Any CPU
		{6C72B4FF-D395-4951-AC42-D3E63CCD88B4}.Release|Any CPU.ActiveCfg = Release|Any CPU
		{6C72B4FF-D395-4951-AC42-D3E63CCD88B4}.Release|Any CPU.Build.0 = Release|Any CPU
		{6C72B4FF-D395-4951-AC42-D3E63CCD88B4}.Release|Any CPU.Deploy.0 = Release|Any CPU
		{6C72B4FF-D395-4951-AC42-D3E63CCD88B4}.Release|ARM.ActiveCfg = Release|Any CPU
		{6C72B4FF-D395-4951-AC42-D3E63CCD88B4}.Release|ARM.Build.0 = Release|Any CPU
		{6C72B4FF-D395-4951-AC42-D3E63CCD88B4}.Release|ARM.Deploy.0 = Release|Any CPU
		{6C72B4FF-D395-4951-AC42-D3E63CCD88B4}.Release|iPhone.ActiveCfg = Release|Any CPU
		{6C72B4FF-D395-4951-AC42-D3E63CCD88B4}.Release|iPhone.Build.0 = Release|Any CPU
		{6C72B4FF-D395-4951-AC42-D3E63CCD88B4}.Release|iPhone.Deploy.0 = Release|Any CPU
		{6C72B4FF-D395-4951-AC42-D3E63CCD88B4}.Release|iPhoneSimulator.ActiveCfg = Release|Any CPU
		{6C72B4FF-D395-4951-AC42-D3E63CCD88B4}.Release|iPhoneSimulator.Build.0 = Release|Any CPU
		{6C72B4FF-D395-4951-AC42-D3E63CCD88B4}.Release|iPhoneSimulator.Deploy.0 = Release|Any CPU
		{6C72B4FF-D395-4951-AC42-D3E63CCD88B4}.Release|x64.ActiveCfg = Release|Any CPU
		{6C72B4FF-D395-4951-AC42-D3E63CCD88B4}.Release|x64.Build.0 = Release|Any CPU
		{6C72B4FF-D395-4951-AC42-D3E63CCD88B4}.Release|x64.Deploy.0 = Release|Any CPU
		{6C72B4FF-D395-4951-AC42-D3E63CCD88B4}.Release|x86.ActiveCfg = Release|Any CPU
		{6C72B4FF-D395-4951-AC42-D3E63CCD88B4}.Release|x86.Build.0 = Release|Any CPU
		{6C72B4FF-D395-4951-AC42-D3E63CCD88B4}.Release|x86.Deploy.0 = Release|Any CPU
		{9A212729-B04A-49F2-8E5B-988395337CEF}.Ad-Hoc|Any CPU.ActiveCfg = Ad-Hoc|iPhone
		{9A212729-B04A-49F2-8E5B-988395337CEF}.Ad-Hoc|ARM.ActiveCfg = Ad-Hoc|iPhone
		{9A212729-B04A-49F2-8E5B-988395337CEF}.Ad-Hoc|iPhone.ActiveCfg = Ad-Hoc|iPhone
		{9A212729-B04A-49F2-8E5B-988395337CEF}.Ad-Hoc|iPhone.Build.0 = Ad-Hoc|iPhone
		{9A212729-B04A-49F2-8E5B-988395337CEF}.Ad-Hoc|iPhoneSimulator.ActiveCfg = Ad-Hoc|iPhoneSimulator
		{9A212729-B04A-49F2-8E5B-988395337CEF}.Ad-Hoc|iPhoneSimulator.Build.0 = Ad-Hoc|iPhoneSimulator
		{9A212729-B04A-49F2-8E5B-988395337CEF}.Ad-Hoc|x64.ActiveCfg = Ad-Hoc|iPhone
		{9A212729-B04A-49F2-8E5B-988395337CEF}.Ad-Hoc|x86.ActiveCfg = Ad-Hoc|iPhone
		{9A212729-B04A-49F2-8E5B-988395337CEF}.AppStore|Any CPU.ActiveCfg = AppStore|iPhone
		{9A212729-B04A-49F2-8E5B-988395337CEF}.AppStore|ARM.ActiveCfg = AppStore|iPhone
		{9A212729-B04A-49F2-8E5B-988395337CEF}.AppStore|iPhone.ActiveCfg = AppStore|iPhone
		{9A212729-B04A-49F2-8E5B-988395337CEF}.AppStore|iPhone.Build.0 = AppStore|iPhone
		{9A212729-B04A-49F2-8E5B-988395337CEF}.AppStore|iPhoneSimulator.ActiveCfg = AppStore|iPhoneSimulator
		{9A212729-B04A-49F2-8E5B-988395337CEF}.AppStore|iPhoneSimulator.Build.0 = AppStore|iPhoneSimulator
		{9A212729-B04A-49F2-8E5B-988395337CEF}.AppStore|x64.ActiveCfg = AppStore|iPhone
		{9A212729-B04A-49F2-8E5B-988395337CEF}.AppStore|x86.ActiveCfg = AppStore|iPhone
		{9A212729-B04A-49F2-8E5B-988395337CEF}.Debug|Any CPU.ActiveCfg = Debug|iPhone
		{9A212729-B04A-49F2-8E5B-988395337CEF}.Debug|ARM.ActiveCfg = Debug|iPhone
		{9A212729-B04A-49F2-8E5B-988395337CEF}.Debug|iPhone.ActiveCfg = Debug|iPhone
		{9A212729-B04A-49F2-8E5B-988395337CEF}.Debug|iPhone.Build.0 = Debug|iPhone
		{9A212729-B04A-49F2-8E5B-988395337CEF}.Debug|iPhoneSimulator.ActiveCfg = Debug|iPhoneSimulator
		{9A212729-B04A-49F2-8E5B-988395337CEF}.Debug|iPhoneSimulator.Build.0 = Debug|iPhoneSimulator
		{9A212729-B04A-49F2-8E5B-988395337CEF}.Debug|x64.ActiveCfg = Debug|iPhone
		{9A212729-B04A-49F2-8E5B-988395337CEF}.Debug|x86.ActiveCfg = Debug|iPhone
		{9A212729-B04A-49F2-8E5B-988395337CEF}.Release|Any CPU.ActiveCfg = Release|iPhone
		{9A212729-B04A-49F2-8E5B-988395337CEF}.Release|ARM.ActiveCfg = Release|iPhone
		{9A212729-B04A-49F2-8E5B-988395337CEF}.Release|iPhone.ActiveCfg = Release|iPhone
		{9A212729-B04A-49F2-8E5B-988395337CEF}.Release|iPhone.Build.0 = Release|iPhone
		{9A212729-B04A-49F2-8E5B-988395337CEF}.Release|iPhoneSimulator.ActiveCfg = Release|iPhoneSimulator
		{9A212729-B04A-49F2-8E5B-988395337CEF}.Release|iPhoneSimulator.Build.0 = Release|iPhoneSimulator
		{9A212729-B04A-49F2-8E5B-988395337CEF}.Release|x64.ActiveCfg = Release|iPhone
		{9A212729-B04A-49F2-8E5B-988395337CEF}.Release|x86.ActiveCfg = Release|iPhone
		{E825371D-635F-4639-AB66-FA38102BE259}.Ad-Hoc|Any CPU.ActiveCfg = Release|Any CPU
		{E825371D-635F-4639-AB66-FA38102BE259}.Ad-Hoc|Any CPU.Build.0 = Release|Any CPU
		{E825371D-635F-4639-AB66-FA38102BE259}.Ad-Hoc|Any CPU.Deploy.0 = Release|Any CPU
		{E825371D-635F-4639-AB66-FA38102BE259}.Ad-Hoc|ARM.ActiveCfg = Release|ARM
		{E825371D-635F-4639-AB66-FA38102BE259}.Ad-Hoc|ARM.Build.0 = Release|ARM
		{E825371D-635F-4639-AB66-FA38102BE259}.Ad-Hoc|ARM.Deploy.0 = Release|ARM
		{E825371D-635F-4639-AB66-FA38102BE259}.Ad-Hoc|iPhone.ActiveCfg = Release|Any CPU
		{E825371D-635F-4639-AB66-FA38102BE259}.Ad-Hoc|iPhone.Build.0 = Release|Any CPU
		{E825371D-635F-4639-AB66-FA38102BE259}.Ad-Hoc|iPhone.Deploy.0 = Release|Any CPU
		{E825371D-635F-4639-AB66-FA38102BE259}.Ad-Hoc|iPhoneSimulator.ActiveCfg = Release|Any CPU
		{E825371D-635F-4639-AB66-FA38102BE259}.Ad-Hoc|iPhoneSimulator.Build.0 = Release|Any CPU
		{E825371D-635F-4639-AB66-FA38102BE259}.Ad-Hoc|iPhoneSimulator.Deploy.0 = Release|Any CPU
		{E825371D-635F-4639-AB66-FA38102BE259}.Ad-Hoc|x64.ActiveCfg = Release|Any CPU
		{E825371D-635F-4639-AB66-FA38102BE259}.Ad-Hoc|x64.Build.0 = Release|Any CPU
		{E825371D-635F-4639-AB66-FA38102BE259}.Ad-Hoc|x64.Deploy.0 = Release|Any CPU
		{E825371D-635F-4639-AB66-FA38102BE259}.Ad-Hoc|x86.ActiveCfg = Release|x86
		{E825371D-635F-4639-AB66-FA38102BE259}.Ad-Hoc|x86.Build.0 = Release|x86
		{E825371D-635F-4639-AB66-FA38102BE259}.Ad-Hoc|x86.Deploy.0 = Release|x86
		{E825371D-635F-4639-AB66-FA38102BE259}.AppStore|Any CPU.ActiveCfg = Release|Any CPU
		{E825371D-635F-4639-AB66-FA38102BE259}.AppStore|Any CPU.Build.0 = Release|Any CPU
		{E825371D-635F-4639-AB66-FA38102BE259}.AppStore|Any CPU.Deploy.0 = Release|Any CPU
		{E825371D-635F-4639-AB66-FA38102BE259}.AppStore|ARM.ActiveCfg = Release|ARM
		{E825371D-635F-4639-AB66-FA38102BE259}.AppStore|ARM.Build.0 = Release|ARM
		{E825371D-635F-4639-AB66-FA38102BE259}.AppStore|ARM.Deploy.0 = Release|ARM
		{E825371D-635F-4639-AB66-FA38102BE259}.AppStore|iPhone.ActiveCfg = Release|Any CPU
		{E825371D-635F-4639-AB66-FA38102BE259}.AppStore|iPhone.Build.0 = Release|Any CPU
		{E825371D-635F-4639-AB66-FA38102BE259}.AppStore|iPhone.Deploy.0 = Release|Any CPU
		{E825371D-635F-4639-AB66-FA38102BE259}.AppStore|iPhoneSimulator.ActiveCfg = Release|Any CPU
		{E825371D-635F-4639-AB66-FA38102BE259}.AppStore|iPhoneSimulator.Build.0 = Release|Any CPU
		{E825371D-635F-4639-AB66-FA38102BE259}.AppStore|iPhoneSimulator.Deploy.0 = Release|Any CPU
		{E825371D-635F-4639-AB66-FA38102BE259}.AppStore|x64.ActiveCfg = Release|Any CPU
		{E825371D-635F-4639-AB66-FA38102BE259}.AppStore|x64.Build.0 = Release|Any CPU
		{E825371D-635F-4639-AB66-FA38102BE259}.AppStore|x64.Deploy.0 = Release|Any CPU
		{E825371D-635F-4639-AB66-FA38102BE259}.AppStore|x86.ActiveCfg = Release|x86
		{E825371D-635F-4639-AB66-FA38102BE259}.AppStore|x86.Build.0 = Release|x86
		{E825371D-635F-4639-AB66-FA38102BE259}.AppStore|x86.Deploy.0 = Release|x86
		{E825371D-635F-4639-AB66-FA38102BE259}.Debug|Any CPU.ActiveCfg = Debug|Any CPU
		{E825371D-635F-4639-AB66-FA38102BE259}.Debug|Any CPU.Build.0 = Debug|Any CPU
		{E825371D-635F-4639-AB66-FA38102BE259}.Debug|Any CPU.Deploy.0 = Debug|Any CPU
		{E825371D-635F-4639-AB66-FA38102BE259}.Debug|ARM.ActiveCfg = Debug|ARM
		{E825371D-635F-4639-AB66-FA38102BE259}.Debug|ARM.Build.0 = Debug|ARM
		{E825371D-635F-4639-AB66-FA38102BE259}.Debug|ARM.Deploy.0 = Debug|ARM
		{E825371D-635F-4639-AB66-FA38102BE259}.Debug|iPhone.ActiveCfg = Debug|Any CPU
		{E825371D-635F-4639-AB66-FA38102BE259}.Debug|iPhone.Build.0 = Debug|Any CPU
		{E825371D-635F-4639-AB66-FA38102BE259}.Debug|iPhone.Deploy.0 = Debug|Any CPU
		{E825371D-635F-4639-AB66-FA38102BE259}.Debug|iPhoneSimulator.ActiveCfg = Debug|Any CPU
		{E825371D-635F-4639-AB66-FA38102BE259}.Debug|iPhoneSimulator.Build.0 = Debug|Any CPU
		{E825371D-635F-4639-AB66-FA38102BE259}.Debug|iPhoneSimulator.Deploy.0 = Debug|Any CPU
		{E825371D-635F-4639-AB66-FA38102BE259}.Debug|x64.ActiveCfg = Debug|Any CPU
		{E825371D-635F-4639-AB66-FA38102BE259}.Debug|x64.Build.0 = Debug|Any CPU
		{E825371D-635F-4639-AB66-FA38102BE259}.Debug|x64.Deploy.0 = Debug|Any CPU
		{E825371D-635F-4639-AB66-FA38102BE259}.Debug|x86.ActiveCfg = Debug|x86
		{E825371D-635F-4639-AB66-FA38102BE259}.Debug|x86.Build.0 = Debug|x86
		{E825371D-635F-4639-AB66-FA38102BE259}.Debug|x86.Deploy.0 = Debug|x86
		{E825371D-635F-4639-AB66-FA38102BE259}.Release|Any CPU.ActiveCfg = Release|Any CPU
		{E825371D-635F-4639-AB66-FA38102BE259}.Release|Any CPU.Build.0 = Release|Any CPU
		{E825371D-635F-4639-AB66-FA38102BE259}.Release|Any CPU.Deploy.0 = Release|Any CPU
		{E825371D-635F-4639-AB66-FA38102BE259}.Release|ARM.ActiveCfg = Release|ARM
		{E825371D-635F-4639-AB66-FA38102BE259}.Release|ARM.Build.0 = Release|ARM
		{E825371D-635F-4639-AB66-FA38102BE259}.Release|ARM.Deploy.0 = Release|ARM
		{E825371D-635F-4639-AB66-FA38102BE259}.Release|iPhone.ActiveCfg = Release|Any CPU
		{E825371D-635F-4639-AB66-FA38102BE259}.Release|iPhone.Build.0 = Release|Any CPU
		{E825371D-635F-4639-AB66-FA38102BE259}.Release|iPhone.Deploy.0 = Release|Any CPU
		{E825371D-635F-4639-AB66-FA38102BE259}.Release|iPhoneSimulator.ActiveCfg = Release|Any CPU
		{E825371D-635F-4639-AB66-FA38102BE259}.Release|iPhoneSimulator.Build.0 = Release|Any CPU
		{E825371D-635F-4639-AB66-FA38102BE259}.Release|iPhoneSimulator.Deploy.0 = Release|Any CPU
		{E825371D-635F-4639-AB66-FA38102BE259}.Release|x64.ActiveCfg = Release|Any CPU
		{E825371D-635F-4639-AB66-FA38102BE259}.Release|x64.Build.0 = Release|Any CPU
		{E825371D-635F-4639-AB66-FA38102BE259}.Release|x64.Deploy.0 = Release|Any CPU
		{E825371D-635F-4639-AB66-FA38102BE259}.Release|x86.ActiveCfg = Release|x86
		{E825371D-635F-4639-AB66-FA38102BE259}.Release|x86.Build.0 = Release|x86
		{E825371D-635F-4639-AB66-FA38102BE259}.Release|x86.Deploy.0 = Release|x86
		{B0712D9B-E016-4144-9B46-F1EBD41D451D}.Ad-Hoc|Any CPU.ActiveCfg = Release|x86
		{B0712D9B-E016-4144-9B46-F1EBD41D451D}.Ad-Hoc|Any CPU.Build.0 = Release|x86
		{B0712D9B-E016-4144-9B46-F1EBD41D451D}.Ad-Hoc|Any CPU.Deploy.0 = Release|x86
		{B0712D9B-E016-4144-9B46-F1EBD41D451D}.Ad-Hoc|ARM.ActiveCfg = Release|ARM
		{B0712D9B-E016-4144-9B46-F1EBD41D451D}.Ad-Hoc|ARM.Build.0 = Release|ARM
		{B0712D9B-E016-4144-9B46-F1EBD41D451D}.Ad-Hoc|ARM.Deploy.0 = Release|ARM
		{B0712D9B-E016-4144-9B46-F1EBD41D451D}.Ad-Hoc|iPhone.ActiveCfg = Release|x86
		{B0712D9B-E016-4144-9B46-F1EBD41D451D}.Ad-Hoc|iPhone.Build.0 = Release|x86
		{B0712D9B-E016-4144-9B46-F1EBD41D451D}.Ad-Hoc|iPhone.Deploy.0 = Release|x86
		{B0712D9B-E016-4144-9B46-F1EBD41D451D}.Ad-Hoc|iPhoneSimulator.ActiveCfg = Release|x86
		{B0712D9B-E016-4144-9B46-F1EBD41D451D}.Ad-Hoc|iPhoneSimulator.Build.0 = Release|x86
		{B0712D9B-E016-4144-9B46-F1EBD41D451D}.Ad-Hoc|iPhoneSimulator.Deploy.0 = Release|x86
		{B0712D9B-E016-4144-9B46-F1EBD41D451D}.Ad-Hoc|x64.ActiveCfg = Release|x64
		{B0712D9B-E016-4144-9B46-F1EBD41D451D}.Ad-Hoc|x64.Build.0 = Release|x64
		{B0712D9B-E016-4144-9B46-F1EBD41D451D}.Ad-Hoc|x64.Deploy.0 = Release|x64
		{B0712D9B-E016-4144-9B46-F1EBD41D451D}.Ad-Hoc|x86.ActiveCfg = Release|x86
		{B0712D9B-E016-4144-9B46-F1EBD41D451D}.Ad-Hoc|x86.Build.0 = Release|x86
		{B0712D9B-E016-4144-9B46-F1EBD41D451D}.Ad-Hoc|x86.Deploy.0 = Release|x86
		{B0712D9B-E016-4144-9B46-F1EBD41D451D}.AppStore|Any CPU.ActiveCfg = Release|x86
		{B0712D9B-E016-4144-9B46-F1EBD41D451D}.AppStore|Any CPU.Build.0 = Release|x86
		{B0712D9B-E016-4144-9B46-F1EBD41D451D}.AppStore|Any CPU.Deploy.0 = Release|x86
		{B0712D9B-E016-4144-9B46-F1EBD41D451D}.AppStore|ARM.ActiveCfg = Release|ARM
		{B0712D9B-E016-4144-9B46-F1EBD41D451D}.AppStore|ARM.Build.0 = Release|ARM
		{B0712D9B-E016-4144-9B46-F1EBD41D451D}.AppStore|ARM.Deploy.0 = Release|ARM
		{B0712D9B-E016-4144-9B46-F1EBD41D451D}.AppStore|iPhone.ActiveCfg = Release|x86
		{B0712D9B-E016-4144-9B46-F1EBD41D451D}.AppStore|iPhone.Build.0 = Release|x86
		{B0712D9B-E016-4144-9B46-F1EBD41D451D}.AppStore|iPhone.Deploy.0 = Release|x86
		{B0712D9B-E016-4144-9B46-F1EBD41D451D}.AppStore|iPhoneSimulator.ActiveCfg = Release|x86
		{B0712D9B-E016-4144-9B46-F1EBD41D451D}.AppStore|iPhoneSimulator.Build.0 = Release|x86
		{B0712D9B-E016-4144-9B46-F1EBD41D451D}.AppStore|iPhoneSimulator.Deploy.0 = Release|x86
		{B0712D9B-E016-4144-9B46-F1EBD41D451D}.AppStore|x64.ActiveCfg = Release|x64
		{B0712D9B-E016-4144-9B46-F1EBD41D451D}.AppStore|x64.Build.0 = Release|x64
		{B0712D9B-E016-4144-9B46-F1EBD41D451D}.AppStore|x64.Deploy.0 = Release|x64
		{B0712D9B-E016-4144-9B46-F1EBD41D451D}.AppStore|x86.ActiveCfg = Release|x86
		{B0712D9B-E016-4144-9B46-F1EBD41D451D}.AppStore|x86.Build.0 = Release|x86
		{B0712D9B-E016-4144-9B46-F1EBD41D451D}.AppStore|x86.Deploy.0 = Release|x86
		{B0712D9B-E016-4144-9B46-F1EBD41D451D}.Debug|Any CPU.ActiveCfg = Debug|x86
		{B0712D9B-E016-4144-9B46-F1EBD41D451D}.Debug|ARM.ActiveCfg = Debug|ARM
		{B0712D9B-E016-4144-9B46-F1EBD41D451D}.Debug|ARM.Build.0 = Debug|ARM
		{B0712D9B-E016-4144-9B46-F1EBD41D451D}.Debug|ARM.Deploy.0 = Debug|ARM
		{B0712D9B-E016-4144-9B46-F1EBD41D451D}.Debug|iPhone.ActiveCfg = Debug|x86
		{B0712D9B-E016-4144-9B46-F1EBD41D451D}.Debug|iPhoneSimulator.ActiveCfg = Debug|x86
		{B0712D9B-E016-4144-9B46-F1EBD41D451D}.Debug|x64.ActiveCfg = Debug|x64
		{B0712D9B-E016-4144-9B46-F1EBD41D451D}.Debug|x64.Build.0 = Debug|x64
		{B0712D9B-E016-4144-9B46-F1EBD41D451D}.Debug|x64.Deploy.0 = Debug|x64
		{B0712D9B-E016-4144-9B46-F1EBD41D451D}.Debug|x86.ActiveCfg = Debug|x86
		{B0712D9B-E016-4144-9B46-F1EBD41D451D}.Debug|x86.Build.0 = Debug|x86
		{B0712D9B-E016-4144-9B46-F1EBD41D451D}.Debug|x86.Deploy.0 = Debug|x86
		{B0712D9B-E016-4144-9B46-F1EBD41D451D}.Release|Any CPU.ActiveCfg = Release|x86
		{B0712D9B-E016-4144-9B46-F1EBD41D451D}.Release|ARM.ActiveCfg = Release|ARM
		{B0712D9B-E016-4144-9B46-F1EBD41D451D}.Release|ARM.Build.0 = Release|ARM
		{B0712D9B-E016-4144-9B46-F1EBD41D451D}.Release|ARM.Deploy.0 = Release|ARM
		{B0712D9B-E016-4144-9B46-F1EBD41D451D}.Release|iPhone.ActiveCfg = Release|x86
		{B0712D9B-E016-4144-9B46-F1EBD41D451D}.Release|iPhoneSimulator.ActiveCfg = Release|x86
		{B0712D9B-E016-4144-9B46-F1EBD41D451D}.Release|x64.ActiveCfg = Release|x64
		{B0712D9B-E016-4144-9B46-F1EBD41D451D}.Release|x64.Build.0 = Release|x64
		{B0712D9B-E016-4144-9B46-F1EBD41D451D}.Release|x64.Deploy.0 = Release|x64
		{B0712D9B-E016-4144-9B46-F1EBD41D451D}.Release|x86.ActiveCfg = Release|x86
		{B0712D9B-E016-4144-9B46-F1EBD41D451D}.Release|x86.Build.0 = Release|x86
		{B0712D9B-E016-4144-9B46-F1EBD41D451D}.Release|x86.Deploy.0 = Release|x86
		{DEC49014-D353-428E-A40F-3EE1623CA492}.Ad-Hoc|Any CPU.ActiveCfg = Release|Any CPU
		{DEC49014-D353-428E-A40F-3EE1623CA492}.Ad-Hoc|Any CPU.Build.0 = Release|Any CPU
		{DEC49014-D353-428E-A40F-3EE1623CA492}.Ad-Hoc|Any CPU.Deploy.0 = Release|Any CPU
		{DEC49014-D353-428E-A40F-3EE1623CA492}.Ad-Hoc|ARM.ActiveCfg = Release|ARM
		{DEC49014-D353-428E-A40F-3EE1623CA492}.Ad-Hoc|ARM.Build.0 = Release|ARM
		{DEC49014-D353-428E-A40F-3EE1623CA492}.Ad-Hoc|ARM.Deploy.0 = Release|ARM
		{DEC49014-D353-428E-A40F-3EE1623CA492}.Ad-Hoc|iPhone.ActiveCfg = Release|Any CPU
		{DEC49014-D353-428E-A40F-3EE1623CA492}.Ad-Hoc|iPhone.Build.0 = Release|Any CPU
		{DEC49014-D353-428E-A40F-3EE1623CA492}.Ad-Hoc|iPhone.Deploy.0 = Release|Any CPU
		{DEC49014-D353-428E-A40F-3EE1623CA492}.Ad-Hoc|iPhoneSimulator.ActiveCfg = Release|Any CPU
		{DEC49014-D353-428E-A40F-3EE1623CA492}.Ad-Hoc|iPhoneSimulator.Build.0 = Release|Any CPU
		{DEC49014-D353-428E-A40F-3EE1623CA492}.Ad-Hoc|iPhoneSimulator.Deploy.0 = Release|Any CPU
		{DEC49014-D353-428E-A40F-3EE1623CA492}.Ad-Hoc|x64.ActiveCfg = Release|x64
		{DEC49014-D353-428E-A40F-3EE1623CA492}.Ad-Hoc|x64.Build.0 = Release|x64
		{DEC49014-D353-428E-A40F-3EE1623CA492}.Ad-Hoc|x64.Deploy.0 = Release|x64
		{DEC49014-D353-428E-A40F-3EE1623CA492}.Ad-Hoc|x86.ActiveCfg = Release|x86
		{DEC49014-D353-428E-A40F-3EE1623CA492}.Ad-Hoc|x86.Build.0 = Release|x86
		{DEC49014-D353-428E-A40F-3EE1623CA492}.Ad-Hoc|x86.Deploy.0 = Release|x86
		{DEC49014-D353-428E-A40F-3EE1623CA492}.AppStore|Any CPU.ActiveCfg = Release|Any CPU
		{DEC49014-D353-428E-A40F-3EE1623CA492}.AppStore|Any CPU.Build.0 = Release|Any CPU
		{DEC49014-D353-428E-A40F-3EE1623CA492}.AppStore|Any CPU.Deploy.0 = Release|Any CPU
		{DEC49014-D353-428E-A40F-3EE1623CA492}.AppStore|ARM.ActiveCfg = Release|ARM
		{DEC49014-D353-428E-A40F-3EE1623CA492}.AppStore|ARM.Build.0 = Release|ARM
		{DEC49014-D353-428E-A40F-3EE1623CA492}.AppStore|ARM.Deploy.0 = Release|ARM
		{DEC49014-D353-428E-A40F-3EE1623CA492}.AppStore|iPhone.ActiveCfg = Release|Any CPU
		{DEC49014-D353-428E-A40F-3EE1623CA492}.AppStore|iPhone.Build.0 = Release|Any CPU
		{DEC49014-D353-428E-A40F-3EE1623CA492}.AppStore|iPhone.Deploy.0 = Release|Any CPU
		{DEC49014-D353-428E-A40F-3EE1623CA492}.AppStore|iPhoneSimulator.ActiveCfg = Release|Any CPU
		{DEC49014-D353-428E-A40F-3EE1623CA492}.AppStore|iPhoneSimulator.Build.0 = Release|Any CPU
		{DEC49014-D353-428E-A40F-3EE1623CA492}.AppStore|iPhoneSimulator.Deploy.0 = Release|Any CPU
		{DEC49014-D353-428E-A40F-3EE1623CA492}.AppStore|x64.ActiveCfg = Release|x64
		{DEC49014-D353-428E-A40F-3EE1623CA492}.AppStore|x64.Build.0 = Release|x64
		{DEC49014-D353-428E-A40F-3EE1623CA492}.AppStore|x64.Deploy.0 = Release|x64
		{DEC49014-D353-428E-A40F-3EE1623CA492}.AppStore|x86.ActiveCfg = Release|x86
		{DEC49014-D353-428E-A40F-3EE1623CA492}.AppStore|x86.Build.0 = Release|x86
		{DEC49014-D353-428E-A40F-3EE1623CA492}.AppStore|x86.Deploy.0 = Release|x86
		{DEC49014-D353-428E-A40F-3EE1623CA492}.Debug|Any CPU.ActiveCfg = Debug|Any CPU
		{DEC49014-D353-428E-A40F-3EE1623CA492}.Debug|Any CPU.Build.0 = Debug|Any CPU
		{DEC49014-D353-428E-A40F-3EE1623CA492}.Debug|Any CPU.Deploy.0 = Debug|Any CPU
		{DEC49014-D353-428E-A40F-3EE1623CA492}.Debug|ARM.ActiveCfg = Debug|ARM
		{DEC49014-D353-428E-A40F-3EE1623CA492}.Debug|ARM.Build.0 = Debug|ARM
		{DEC49014-D353-428E-A40F-3EE1623CA492}.Debug|ARM.Deploy.0 = Debug|ARM
		{DEC49014-D353-428E-A40F-3EE1623CA492}.Debug|iPhone.ActiveCfg = Debug|Any CPU
		{DEC49014-D353-428E-A40F-3EE1623CA492}.Debug|iPhone.Build.0 = Debug|Any CPU
		{DEC49014-D353-428E-A40F-3EE1623CA492}.Debug|iPhone.Deploy.0 = Debug|Any CPU
		{DEC49014-D353-428E-A40F-3EE1623CA492}.Debug|iPhoneSimulator.ActiveCfg = Debug|Any CPU
		{DEC49014-D353-428E-A40F-3EE1623CA492}.Debug|iPhoneSimulator.Build.0 = Debug|Any CPU
		{DEC49014-D353-428E-A40F-3EE1623CA492}.Debug|iPhoneSimulator.Deploy.0 = Debug|Any CPU
		{DEC49014-D353-428E-A40F-3EE1623CA492}.Debug|x64.ActiveCfg = Debug|x64
		{DEC49014-D353-428E-A40F-3EE1623CA492}.Debug|x64.Build.0 = Debug|x64
		{DEC49014-D353-428E-A40F-3EE1623CA492}.Debug|x64.Deploy.0 = Debug|x64
		{DEC49014-D353-428E-A40F-3EE1623CA492}.Debug|x86.ActiveCfg = Debug|x86
		{DEC49014-D353-428E-A40F-3EE1623CA492}.Debug|x86.Build.0 = Debug|x86
		{DEC49014-D353-428E-A40F-3EE1623CA492}.Debug|x86.Deploy.0 = Debug|x86
		{DEC49014-D353-428E-A40F-3EE1623CA492}.Release|Any CPU.ActiveCfg = Release|Any CPU
		{DEC49014-D353-428E-A40F-3EE1623CA492}.Release|Any CPU.Build.0 = Release|Any CPU
		{DEC49014-D353-428E-A40F-3EE1623CA492}.Release|Any CPU.Deploy.0 = Release|Any CPU
		{DEC49014-D353-428E-A40F-3EE1623CA492}.Release|ARM.ActiveCfg = Release|ARM
		{DEC49014-D353-428E-A40F-3EE1623CA492}.Release|ARM.Build.0 = Release|ARM
		{DEC49014-D353-428E-A40F-3EE1623CA492}.Release|ARM.Deploy.0 = Release|ARM
		{DEC49014-D353-428E-A40F-3EE1623CA492}.Release|iPhone.ActiveCfg = Release|Any CPU
		{DEC49014-D353-428E-A40F-3EE1623CA492}.Release|iPhone.Build.0 = Release|Any CPU
		{DEC49014-D353-428E-A40F-3EE1623CA492}.Release|iPhone.Deploy.0 = Release|Any CPU
		{DEC49014-D353-428E-A40F-3EE1623CA492}.Release|iPhoneSimulator.ActiveCfg = Release|Any CPU
		{DEC49014-D353-428E-A40F-3EE1623CA492}.Release|iPhoneSimulator.Build.0 = Release|Any CPU
		{DEC49014-D353-428E-A40F-3EE1623CA492}.Release|iPhoneSimulator.Deploy.0 = Release|Any CPU
		{DEC49014-D353-428E-A40F-3EE1623CA492}.Release|x64.ActiveCfg = Release|x64
		{DEC49014-D353-428E-A40F-3EE1623CA492}.Release|x64.Build.0 = Release|x64
		{DEC49014-D353-428E-A40F-3EE1623CA492}.Release|x64.Deploy.0 = Release|x64
		{DEC49014-D353-428E-A40F-3EE1623CA492}.Release|x86.ActiveCfg = Release|x86
		{DEC49014-D353-428E-A40F-3EE1623CA492}.Release|x86.Build.0 = Release|x86
		{DEC49014-D353-428E-A40F-3EE1623CA492}.Release|x86.Deploy.0 = Release|x86
	EndGlobalSection
	GlobalSection(SolutionProperties) = preSolution
		HideSolutionNode = FALSE
	EndGlobalSection
EndGlobal
